
Microsoft Visual Studio Solution File, Format Version 12.00
# Visual Studio Version 16
VisualStudioVersion = 16.0.28922.388
MinimumVisualStudioVersion = 10.0.40219.1
Project("{FAE04EC0-301F-11D3-BF4B-00C04F79EFBC}") = "AdventOfCodeUtilities", "Utilities\AdventOfCodeUtilities.csproj", "{B6403C52-91A9-4475-A81A-E21E53835CB7}"
EndProject
Project("{FAE04EC0-301F-11D3-BF4B-00C04F79EFBC}") = "TemplateProject", "TemplateProject\TemplateProject.csproj", "{65208485-CE44-4757-AFA3-7F37373400BA}"
EndProject
Project("{FAE04EC0-301F-11D3-BF4B-00C04F79EFBC}") = "2", "2\2.csproj", "{4E545F69-9812-40F8-B1FD-FEC813E04E00}"
EndProject
Project("{FAE04EC0-301F-11D3-BF4B-00C04F79EFBC}") = "3", "3\3.csproj", "{1896704A-980E-4AAE-96AA-E9AF3114B905}"
EndProject
Project("{FAE04EC0-301F-11D3-BF4B-00C04F79EFBC}") = "4", "4\4.csproj", "{6676DCBA-83D4-4938-9EEC-70CECE8D5E2E}"
EndProject
Project("{FAE04EC0-301F-11D3-BF4B-00C04F79EFBC}") = "5", "5\5.csproj", "{6E2B2A18-5305-496E-AF35-16C61157227F}"
EndProject
Project("{FAE04EC0-301F-11D3-BF4B-00C04F79EFBC}") = "6", "6\6.csproj", "{D8B32A6A-7672-41F1-A4D7-73561FFB1FFA}"
EndProject
Project("{FAE04EC0-301F-11D3-BF4B-00C04F79EFBC}") = "7", "7\7.csproj", "{E82F320B-7829-417D-91F4-B559E8EB55C6}"
EndProject
Project("{FAE04EC0-301F-11D3-BF4B-00C04F79EFBC}") = "8", "8\8.csproj", "{6776A6DB-BCDC-494E-8CA8-467AD9B10D97}"
EndProject
Project("{FAE04EC0-301F-11D3-BF4B-00C04F79EFBC}") = "9", "9\9.csproj", "{AF8674DB-F87D-4885-8C5F-7614E70796D3}"
EndProject
Project("{FAE04EC0-301F-11D3-BF4B-00C04F79EFBC}") = "10", "10\10.csproj", "{218E1B03-57B6-4B16-BBEB-14504E923F35}"
EndProject
Project("{FAE04EC0-301F-11D3-BF4B-00C04F79EFBC}") = "11", "11\11.csproj", "{29B0CEDC-55DD-45EC-8E3B-EEE2AE109951}"
EndProject
Project("{FAE04EC0-301F-11D3-BF4B-00C04F79EFBC}") = "12", "12\12.csproj", "{716159BC-67E6-4914-9D59-A87909A72028}"
EndProject
Project("{FAE04EC0-301F-11D3-BF4B-00C04F79EFBC}") = "13", "13\13.csproj", "{9234B0AE-50AA-4BD7-A658-E8D382BC7A9D}"
EndProject
Project("{FAE04EC0-301F-11D3-BF4B-00C04F79EFBC}") = "14", "14\14.csproj", "{DEF4F69D-2FAB-4E22-89F4-789A30201DB5}"
EndProject
Project("{FAE04EC0-301F-11D3-BF4B-00C04F79EFBC}") = "15", "15\15.csproj", "{BE40E66F-1E24-4205-88D0-7F95BE5A0B38}"
EndProject
Global
	GlobalSection(SolutionConfigurationPlatforms) = preSolution
		Debug|Any CPU = Debug|Any CPU
		Release|Any CPU = Release|Any CPU
	EndGlobalSection
	GlobalSection(ProjectConfigurationPlatforms) = postSolution
		{B6403C52-91A9-4475-A81A-E21E53835CB7}.Debug|Any CPU.ActiveCfg = Debug|Any CPU
		{B6403C52-91A9-4475-A81A-E21E53835CB7}.Debug|Any CPU.Build.0 = Debug|Any CPU
		{B6403C52-91A9-4475-A81A-E21E53835CB7}.Release|Any CPU.ActiveCfg = Release|Any CPU
		{B6403C52-91A9-4475-A81A-E21E53835CB7}.Release|Any CPU.Build.0 = Release|Any CPU
		{65208485-CE44-4757-AFA3-7F37373400BA}.Debug|Any CPU.ActiveCfg = Debug|Any CPU
		{65208485-CE44-4757-AFA3-7F37373400BA}.Debug|Any CPU.Build.0 = Debug|Any CPU
		{65208485-CE44-4757-AFA3-7F37373400BA}.Release|Any CPU.ActiveCfg = Release|Any CPU
		{65208485-CE44-4757-AFA3-7F37373400BA}.Release|Any CPU.Build.0 = Release|Any CPU
		{4E545F69-9812-40F8-B1FD-FEC813E04E00}.Debug|Any CPU.ActiveCfg = Debug|Any CPU
		{4E545F69-9812-40F8-B1FD-FEC813E04E00}.Debug|Any CPU.Build.0 = Debug|Any CPU
		{4E545F69-9812-40F8-B1FD-FEC813E04E00}.Release|Any CPU.ActiveCfg = Release|Any CPU
		{4E545F69-9812-40F8-B1FD-FEC813E04E00}.Release|Any CPU.Build.0 = Release|Any CPU
		{1896704A-980E-4AAE-96AA-E9AF3114B905}.Debug|Any CPU.ActiveCfg = Debug|Any CPU
		{1896704A-980E-4AAE-96AA-E9AF3114B905}.Debug|Any CPU.Build.0 = Debug|Any CPU
		{1896704A-980E-4AAE-96AA-E9AF3114B905}.Release|Any CPU.ActiveCfg = Release|Any CPU
		{1896704A-980E-4AAE-96AA-E9AF3114B905}.Release|Any CPU.Build.0 = Release|Any CPU
		{6676DCBA-83D4-4938-9EEC-70CECE8D5E2E}.Debug|Any CPU.ActiveCfg = Debug|Any CPU
		{6676DCBA-83D4-4938-9EEC-70CECE8D5E2E}.Debug|Any CPU.Build.0 = Debug|Any CPU
		{6676DCBA-83D4-4938-9EEC-70CECE8D5E2E}.Release|Any CPU.ActiveCfg = Release|Any CPU
		{6676DCBA-83D4-4938-9EEC-70CECE8D5E2E}.Release|Any CPU.Build.0 = Release|Any CPU
		{6E2B2A18-5305-496E-AF35-16C61157227F}.Debug|Any CPU.ActiveCfg = Debug|Any CPU
		{6E2B2A18-5305-496E-AF35-16C61157227F}.Debug|Any CPU.Build.0 = Debug|Any CPU
		{6E2B2A18-5305-496E-AF35-16C61157227F}.Release|Any CPU.ActiveCfg = Release|Any CPU
		{6E2B2A18-5305-496E-AF35-16C61157227F}.Release|Any CPU.Build.0 = Release|Any CPU
		{D8B32A6A-7672-41F1-A4D7-73561FFB1FFA}.Debug|Any CPU.ActiveCfg = Debug|Any CPU
		{D8B32A6A-7672-41F1-A4D7-73561FFB1FFA}.Debug|Any CPU.Build.0 = Debug|Any CPU
		{D8B32A6A-7672-41F1-A4D7-73561FFB1FFA}.Release|Any CPU.ActiveCfg = Release|Any CPU
		{D8B32A6A-7672-41F1-A4D7-73561FFB1FFA}.Release|Any CPU.Build.0 = Release|Any CPU
		{E82F320B-7829-417D-91F4-B559E8EB55C6}.Debug|Any CPU.ActiveCfg = Debug|Any CPU
		{E82F320B-7829-417D-91F4-B559E8EB55C6}.Debug|Any CPU.Build.0 = Debug|Any CPU
		{E82F320B-7829-417D-91F4-B559E8EB55C6}.Release|Any CPU.ActiveCfg = Release|Any CPU
		{E82F320B-7829-417D-91F4-B559E8EB55C6}.Release|Any CPU.Build.0 = Release|Any CPU
		{6776A6DB-BCDC-494E-8CA8-467AD9B10D97}.Debug|Any CPU.ActiveCfg = Debug|Any CPU
		{6776A6DB-BCDC-494E-8CA8-467AD9B10D97}.Debug|Any CPU.Build.0 = Debug|Any CPU
		{6776A6DB-BCDC-494E-8CA8-467AD9B10D97}.Release|Any CPU.ActiveCfg = Release|Any CPU
		{6776A6DB-BCDC-494E-8CA8-467AD9B10D97}.Release|Any CPU.Build.0 = Release|Any CPU
		{AF8674DB-F87D-4885-8C5F-7614E70796D3}.Debug|Any CPU.ActiveCfg = Debug|Any CPU
		{AF8674DB-F87D-4885-8C5F-7614E70796D3}.Debug|Any CPU.Build.0 = Debug|Any CPU
		{AF8674DB-F87D-4885-8C5F-7614E70796D3}.Release|Any CPU.ActiveCfg = Release|Any CPU
		{AF8674DB-F87D-4885-8C5F-7614E70796D3}.Release|Any CPU.Build.0 = Release|Any CPU
		{218E1B03-57B6-4B16-BBEB-14504E923F35}.Debug|Any CPU.ActiveCfg = Debug|Any CPU
		{218E1B03-57B6-4B16-BBEB-14504E923F35}.Debug|Any CPU.Build.0 = Debug|Any CPU
		{218E1B03-57B6-4B16-BBEB-14504E923F35}.Release|Any CPU.ActiveCfg = Release|Any CPU
		{218E1B03-57B6-4B16-BBEB-14504E923F35}.Release|Any CPU.Build.0 = Release|Any CPU
		{29B0CEDC-55DD-45EC-8E3B-EEE2AE109951}.Debug|Any CPU.ActiveCfg = Debug|Any CPU
		{29B0CEDC-55DD-45EC-8E3B-EEE2AE109951}.Debug|Any CPU.Build.0 = Debug|Any CPU
		{29B0CEDC-55DD-45EC-8E3B-EEE2AE109951}.Release|Any CPU.ActiveCfg = Release|Any CPU
		{29B0CEDC-55DD-45EC-8E3B-EEE2AE109951}.Release|Any CPU.Build.0 = Release|Any CPU
		{716159BC-67E6-4914-9D59-A87909A72028}.Debug|Any CPU.ActiveCfg = Debug|Any CPU
		{716159BC-67E6-4914-9D59-A87909A72028}.Debug|Any CPU.Build.0 = Debug|Any CPU
		{716159BC-67E6-4914-9D59-A87909A72028}.Release|Any CPU.ActiveCfg = Release|Any CPU
		{716159BC-67E6-4914-9D59-A87909A72028}.Release|Any CPU.Build.0 = Release|Any CPU
		{9234B0AE-50AA-4BD7-A658-E8D382BC7A9D}.Debug|Any CPU.ActiveCfg = Debug|Any CPU
		{9234B0AE-50AA-4BD7-A658-E8D382BC7A9D}.Debug|Any CPU.Build.0 = Debug|Any CPU
		{9234B0AE-50AA-4BD7-A658-E8D382BC7A9D}.Release|Any CPU.ActiveCfg = Release|Any CPU
		{9234B0AE-50AA-4BD7-A658-E8D382BC7A9D}.Release|Any CPU.Build.0 = Release|Any CPU
		{DEF4F69D-2FAB-4E22-89F4-789A30201DB5}.Debug|Any CPU.ActiveCfg = Debug|Any CPU
		{DEF4F69D-2FAB-4E22-89F4-789A30201DB5}.Debug|Any CPU.Build.0 = Debug|Any CPU
		{DEF4F69D-2FAB-4E22-89F4-789A30201DB5}.Release|Any CPU.ActiveCfg = Release|Any CPU
		{DEF4F69D-2FAB-4E22-89F4-789A30201DB5}.Release|Any CPU.Build.0 = Release|Any CPU
		{BE40E66F-1E24-4205-88D0-7F95BE5A0B38}.Debug|Any CPU.ActiveCfg = Debug|Any CPU
		{BE40E66F-1E24-4205-88D0-7F95BE5A0B38}.Debug|Any CPU.Build.0 = Debug|Any CPU
		{BE40E66F-1E24-4205-88D0-7F95BE5A0B38}.Release|Any CPU.ActiveCfg = Release|Any CPU
		{BE40E66F-1E24-4205-88D0-7F95BE5A0B38}.Release|Any CPU.Build.0 = Release|Any CPU
	EndGlobalSection
	GlobalSection(SolutionProperties) = preSolution
		HideSolutionNode = FALSE
	EndGlobalSection
	GlobalSection(ExtensibilityGlobals) = postSolution
		SolutionGuid = {BD59295E-22CC-457C-8D91-B2995B9488C1}
	EndGlobalSection
EndGlobal
